
Microsoft Visual Studio Solution File, Format Version 12.00
# Visual Studio Version 16
VisualStudioVersion = 25.0.1706.14
MinimumVisualStudioVersion = 10.0.40219.1
Project("{FAE04EC0-301F-11D3-BF4B-00C04F79EFBC}") = "CustomerUpdate.Infrastructure", "CustomerUpdate.Infrastructure.csproj", "{B765748E-2F15-48EE-92F6-3F5F4ADDE496}"
EndProject
Global
	GlobalSection(SolutionConfigurationPlatforms) = preSolution
		Debug|Any CPU = Debug|Any CPU
		Release|Any CPU = Release|Any CPU
	EndGlobalSection
	GlobalSection(ProjectConfigurationPlatforms) = postSolution
		{B765748E-2F15-48EE-92F6-3F5F4ADDE496}.Debug|Any CPU.ActiveCfg = Debug|Any CPU
		{B765748E-2F15-48EE-92F6-3F5F4ADDE496}.Debug|Any CPU.Build.0 = Debug|Any CPU
		{B765748E-2F15-48EE-92F6-3F5F4ADDE496}.Release|Any CPU.ActiveCfg = Release|Any CPU
		{B765748E-2F15-48EE-92F6-3F5F4ADDE496}.Release|Any CPU.Build.0 = Release|Any CPU
	EndGlobalSection
	GlobalSection(SolutionProperties) = preSolution
		HideSolutionNode = FALSE
	EndGlobalSection
	GlobalSection(ExtensibilityGlobals) = postSolution
		SolutionGuid = {D12C9272-9AFF-4EB6-AB5B-4C58871FE224}
	EndGlobalSection
EndGlobal
